
Microsoft Visual Studio Solution File, Format Version 11.00
# Visual Studio 2010
Project("{FAE04EC0-301F-11D3-BF4B-00C04F79EFBC}") = "Assembly-CSharp", "Assembly-CSharp.csproj", "{f17df87f-01e6-1ee7-f775-f4c7e3e4bf96}"
EndProject
Project("{FAE04EC0-301F-11D3-BF4B-00C04F79EFBC}") = "Assembly-CSharp-Editor", "Assembly-CSharp-Editor.csproj", "{5c581de7-1ad2-2472-a9cd-854fc489d624}"
EndProject
Global
	GlobalSection(SolutionConfigurationPlatforms) = preSolution
		Debug|Any CPU = Debug|Any CPU
		Release|Any CPU = Release|Any CPU
	EndGlobalSection
	GlobalSection(ProjectConfigurationPlatforms) = postSolution
		{f17df87f-01e6-1ee7-f775-f4c7e3e4bf96}.Debug|Any CPU.ActiveCfg = Debug|Any CPU
		{f17df87f-01e6-1ee7-f775-f4c7e3e4bf96}.Debug|Any CPU.Build.0 = Debug|Any CPU
		{f17df87f-01e6-1ee7-f775-f4c7e3e4bf96}.Release|Any CPU.ActiveCfg = Release|Any CPU
		{f17df87f-01e6-1ee7-f775-f4c7e3e4bf96}.Release|Any CPU.Build.0 = Release|Any CPU
		{5c581de7-1ad2-2472-a9cd-854fc489d624}.Debug|Any CPU.ActiveCfg = Debug|Any CPU
		{5c581de7-1ad2-2472-a9cd-854fc489d624}.Debug|Any CPU.Build.0 = Debug|Any CPU
		{5c581de7-1ad2-2472-a9cd-854fc489d624}.Release|Any CPU.ActiveCfg = Release|Any CPU
		{5c581de7-1ad2-2472-a9cd-854fc489d624}.Release|Any CPU.Build.0 = Release|Any CPU
	EndGlobalSection
	GlobalSection(SolutionProperties) = preSolution
		HideSolutionNode = FALSE
	EndGlobalSection
EndGlobal
